// !$*UTF8*$!
{
	archiveVersion = 1;
	classes = {
	};
	objectVersion = 56;
	objects = {

/* Begin PBXBuildFile section */
		AC8FB7F72B9E68DD00B3627A /* DetailView.swift in Sources */ = {isa = PBXBuildFile; fileRef = AC8FB7F62B9E68DD00B3627A /* DetailView.swift */; };
		AC8FB7F92B9E6AD900B3627A /* DismissButton.swift in Sources */ = {isa = PBXBuildFile; fileRef = AC8FB7F82B9E6AD900B3627A /* DismissButton.swift */; };
		ACFF02452B9E03D50058B9EE /* MDEV1001_ASSIGNMENT_2App.swift in Sources */ = {isa = PBXBuildFile; fileRef = ACFF02442B9E03D50058B9EE /* MDEV1001_ASSIGNMENT_2App.swift */; };
		ACFF02472B9E03D50058B9EE /* ContentView.swift in Sources */ = {isa = PBXBuildFile; fileRef = ACFF02462B9E03D50058B9EE /* ContentView.swift */; };
		ACFF02492B9E03D80058B9EE /* Assets.xcassets in Resources */ = {isa = PBXBuildFile; fileRef = ACFF02482B9E03D80058B9EE /* Assets.xcassets */; };
		ACFF024C2B9E03D80058B9EE /* Preview Assets.xcassets in Resources */ = {isa = PBXBuildFile; fileRef = ACFF024B2B9E03D80058B9EE /* Preview Assets.xcassets */; };
		ACFF02552B9E04620058B9EE /* MovieModel.xcdatamodeld in Sources */ = {isa = PBXBuildFile; fileRef = ACFF02532B9E04610058B9EE /* MovieModel.xcdatamodeld */; };
		ACFF025D2B9E0B250058B9EE /* PersistenceController.swift in Sources */ = {isa = PBXBuildFile; fileRef = ACFF025C2B9E0B250058B9EE /* PersistenceController.swift */; };
		ACFF025F2B9E161D0058B9EE /* movieData.json in Resources */ = {isa = PBXBuildFile; fileRef = ACFF025E2B9E161D0058B9EE /* movieData.json */; };
		ACFF02632B9E2AA60058B9EE /* HomeView.swift in Sources */ = {isa = PBXBuildFile; fileRef = ACFF02622B9E2AA60058B9EE /* HomeView.swift */; };
		ACFF02662B9E2B5E0058B9EE /* MovieItem.swift in Sources */ = {isa = PBXBuildFile; fileRef = ACFF02652B9E2B5E0058B9EE /* MovieItem.swift */; };
		ACFF02682B9E2BB20058B9EE /* MovieModel.swift in Sources */ = {isa = PBXBuildFile; fileRef = ACFF02672B9E2BB20058B9EE /* MovieModel.swift */; };
		ACFF026A2B9E3C940058B9EE /* AddMovieView.swift in Sources */ = {isa = PBXBuildFile; fileRef = ACFF02692B9E3C940058B9EE /* AddMovieView.swift */; };
		ACFF026C2B9E3CE50058B9EE /* MovieViewModel.swift in Sources */ = {isa = PBXBuildFile; fileRef = ACFF026B2B9E3CE50058B9EE /* MovieViewModel.swift */; };
		ACFF026E2B9E3DC00058B9EE /* File.swift in Sources */ = {isa = PBXBuildFile; fileRef = ACFF026D2B9E3DC00058B9EE /* File.swift */; };
/* End PBXBuildFile section */

/* Begin PBXFileReference section */
		AC8FB7F62B9E68DD00B3627A /* DetailView.swift */ = {isa = PBXFileReference; lastKnownFileType = sourcecode.swift; path = DetailView.swift; sourceTree = "<group>"; };
		AC8FB7F82B9E6AD900B3627A /* DismissButton.swift */ = {isa = PBXFileReference; lastKnownFileType = sourcecode.swift; path = DismissButton.swift; sourceTree = "<group>"; };
		ACFF02412B9E03D50058B9EE /* MDEV1001-ASSIGNMENT-2.app */ = {isa = PBXFileReference; explicitFileType = wrapper.application; includeInIndex = 0; path = "MDEV1001-ASSIGNMENT-2.app"; sourceTree = BUILT_PRODUCTS_DIR; };
		ACFF02442B9E03D50058B9EE /* MDEV1001_ASSIGNMENT_2App.swift */ = {isa = PBXFileReference; lastKnownFileType = sourcecode.swift; path = MDEV1001_ASSIGNMENT_2App.swift; sourceTree = "<group>"; };
		ACFF02462B9E03D50058B9EE /* ContentView.swift */ = {isa = PBXFileReference; lastKnownFileType = sourcecode.swift; path = ContentView.swift; sourceTree = "<group>"; };
		ACFF02482B9E03D80058B9EE /* Assets.xcassets */ = {isa = PBXFileReference; lastKnownFileType = folder.assetcatalog; path = Assets.xcassets; sourceTree = "<group>"; };
		ACFF024B2B9E03D80058B9EE /* Preview Assets.xcassets */ = {isa = PBXFileReference; lastKnownFileType = folder.assetcatalog; path = "Preview Assets.xcassets"; sourceTree = "<group>"; };
		ACFF02542B9E04620058B9EE /* MovieModel.xcdatamodel */ = {isa = PBXFileReference; lastKnownFileType = wrapper.xcdatamodel; path = MovieModel.xcdatamodel; sourceTree = "<group>"; };
		ACFF025C2B9E0B250058B9EE /* PersistenceController.swift */ = {isa = PBXFileReference; lastKnownFileType = sourcecode.swift; path = PersistenceController.swift; sourceTree = "<group>"; };
		ACFF025E2B9E161D0058B9EE /* movieData.json */ = {isa = PBXFileReference; fileEncoding = 4; lastKnownFileType = text.json; path = movieData.json; sourceTree = "<group>"; };
		ACFF02622B9E2AA60058B9EE /* HomeView.swift */ = {isa = PBXFileReference; lastKnownFileType = sourcecode.swift; path = HomeView.swift; sourceTree = "<group>"; };
		ACFF02652B9E2B5E0058B9EE /* MovieItem.swift */ = {isa = PBXFileReference; lastKnownFileType = sourcecode.swift; path = MovieItem.swift; sourceTree = "<group>"; };
		ACFF02672B9E2BB20058B9EE /* MovieModel.swift */ = {isa = PBXFileReference; lastKnownFileType = sourcecode.swift; path = MovieModel.swift; sourceTree = "<group>"; };
		ACFF02692B9E3C940058B9EE /* AddMovieView.swift */ = {isa = PBXFileReference; lastKnownFileType = sourcecode.swift; path = AddMovieView.swift; sourceTree = "<group>"; };
		ACFF026B2B9E3CE50058B9EE /* MovieViewModel.swift */ = {isa = PBXFileReference; lastKnownFileType = sourcecode.swift; path = MovieViewModel.swift; sourceTree = "<group>"; };
		ACFF026D2B9E3DC00058B9EE /* File.swift */ = {isa = PBXFileReference; lastKnownFileType = sourcecode.swift; path = File.swift; sourceTree = "<group>"; };
/* End PBXFileReference section */

/* Begin PBXFrameworksBuildPhase section */
		ACFF023E2B9E03D50058B9EE /* Frameworks */ = {
			isa = PBXFrameworksBuildPhase;
			buildActionMask = 2147483647;
			files = (
			);
			runOnlyForDeploymentPostprocessing = 0;
		};
/* End PBXFrameworksBuildPhase section */

/* Begin PBXGroup section */
		ACFF02382B9E03D50058B9EE = {
			isa = PBXGroup;
			children = (
				ACFF02432B9E03D50058B9EE /* MDEV1001-ASSIGNMENT-2 */,
				ACFF02422B9E03D50058B9EE /* Products */,
			);
			sourceTree = "<group>";
		};
		ACFF02422B9E03D50058B9EE /* Products */ = {
			isa = PBXGroup;
			children = (
				ACFF02412B9E03D50058B9EE /* MDEV1001-ASSIGNMENT-2.app */,
			);
			name = Products;
			sourceTree = "<group>";
		};
		ACFF02432B9E03D50058B9EE /* MDEV1001-ASSIGNMENT-2 */ = {
			isa = PBXGroup;
			children = (
				ACFF02642B9E2B2E0058B9EE /* Helpers */,
				ACFF025B2B9E0B120058B9EE /* Controllers */,
				ACFF02582B9E05760058B9EE /* Screens */,
				ACFF02522B9E040F0058B9EE /* Models */,
				ACFF02442B9E03D50058B9EE /* MDEV1001_ASSIGNMENT_2App.swift */,
				ACFF02462B9E03D50058B9EE /* ContentView.swift */,
				ACFF02482B9E03D80058B9EE /* Assets.xcassets */,
				ACFF024A2B9E03D80058B9EE /* Preview Content */,
				ACFF02622B9E2AA60058B9EE /* HomeView.swift */,
			);
			path = "MDEV1001-ASSIGNMENT-2";
			sourceTree = "<group>";
		};
		ACFF024A2B9E03D80058B9EE /* Preview Content */ = {
			isa = PBXGroup;
			children = (
				ACFF024B2B9E03D80058B9EE /* Preview Assets.xcassets */,
			);
			path = "Preview Content";
			sourceTree = "<group>";
		};
		ACFF02522B9E040F0058B9EE /* Models */ = {
			isa = PBXGroup;
			children = (
				ACFF025E2B9E161D0058B9EE /* movieData.json */,
				ACFF02532B9E04610058B9EE /* MovieModel.xcdatamodeld */,
				ACFF02672B9E2BB20058B9EE /* MovieModel.swift */,
			);
			path = Models;
			sourceTree = "<group>";
		};
		ACFF02582B9E05760058B9EE /* Screens */ = {
			isa = PBXGroup;
			children = (
				ACFF02692B9E3C940058B9EE /* AddMovieView.swift */,
				AC8FB7F62B9E68DD00B3627A /* DetailView.swift */,
			);
			path = Screens;
			sourceTree = "<group>";
		};
		ACFF025B2B9E0B120058B9EE /* Controllers */ = {
			isa = PBXGroup;
			children = (
				ACFF025C2B9E0B250058B9EE /* PersistenceController.swift */,
				ACFF026B2B9E3CE50058B9EE /* MovieViewModel.swift */,
				ACFF026D2B9E3DC00058B9EE /* File.swift */,
			);
			path = Controllers;
			sourceTree = "<group>";
		};
		ACFF02642B9E2B2E0058B9EE /* Helpers */ = {
			isa = PBXGroup;
			children = (
				ACFF02652B9E2B5E0058B9EE /* MovieItem.swift */,
				AC8FB7F82B9E6AD900B3627A /* DismissButton.swift */,
			);
			path = Helpers;
			sourceTree = "<group>";
		};
/* End PBXGroup section */

/* Begin PBXNativeTarget section */
		ACFF02402B9E03D50058B9EE /* MDEV1001-ASSIGNMENT-2 */ = {
			isa = PBXNativeTarget;
			buildConfigurationList = ACFF024F2B9E03D80058B9EE /* Build configuration list for PBXNativeTarget "MDEV1001-ASSIGNMENT-2" */;
			buildPhases = (
				ACFF023D2B9E03D50058B9EE /* Sources */,
				ACFF023E2B9E03D50058B9EE /* Frameworks */,
				ACFF023F2B9E03D50058B9EE /* Resources */,
			);
			buildRules = (
			);
			dependencies = (
			);
			name = "MDEV1001-ASSIGNMENT-2";
			productName = "MDEV1001-ASSIGNMENT-2";
			productReference = ACFF02412B9E03D50058B9EE /* MDEV1001-ASSIGNMENT-2.app */;
			productType = "com.apple.product-type.application";
		};
/* End PBXNativeTarget section */

/* Begin PBXProject section */
		ACFF02392B9E03D50058B9EE /* Project object */ = {
			isa = PBXProject;
			attributes = {
				BuildIndependentTargetsInParallel = 1;
				LastSwiftUpdateCheck = 1510;
				LastUpgradeCheck = 1510;
				TargetAttributes = {
					ACFF02402B9E03D50058B9EE = {
						CreatedOnToolsVersion = 15.1;
					};
				};
			};
			buildConfigurationList = ACFF023C2B9E03D50058B9EE /* Build configuration list for PBXProject "MDEV1001-ASSIGNMENT-2" */;
			compatibilityVersion = "Xcode 14.0";
			developmentRegion = en;
			hasScannedForEncodings = 0;
			knownRegions = (
				en,
				Base,
			);
			mainGroup = ACFF02382B9E03D50058B9EE;
			productRefGroup = ACFF02422B9E03D50058B9EE /* Products */;
			projectDirPath = "";
			projectRoot = "";
			targets = (
				ACFF02402B9E03D50058B9EE /* MDEV1001-ASSIGNMENT-2 */,
			);
		};
/* End PBXProject section */

/* Begin PBXResourcesBuildPhase section */
		ACFF023F2B9E03D50058B9EE /* Resources */ = {
			isa = PBXResourcesBuildPhase;
			buildActionMask = 2147483647;
			files = (
				ACFF024C2B9E03D80058B9EE /* Preview Assets.xcassets in Resources */,
				ACFF02492B9E03D80058B9EE /* Assets.xcassets in Resources */,
				ACFF025F2B9E161D0058B9EE /* movieData.json in Resources */,
			);
			runOnlyForDeploymentPostprocessing = 0;
		};
/* End PBXResourcesBuildPhase section */

/* Begin PBXSourcesBuildPhase section */
		ACFF023D2B9E03D50058B9EE /* Sources */ = {
			isa = PBXSourcesBuildPhase;
			buildActionMask = 2147483647;
			files = (
				ACFF02682B9E2BB20058B9EE /* MovieModel.swift in Sources */,
				ACFF026E2B9E3DC00058B9EE /* File.swift in Sources */,
				ACFF02472B9E03D50058B9EE /* ContentView.swift in Sources */,
				ACFF026C2B9E3CE50058B9EE /* MovieViewModel.swift in Sources */,
				ACFF02662B9E2B5E0058B9EE /* MovieItem.swift in Sources */,
				AC8FB7F72B9E68DD00B3627A /* DetailView.swift in Sources */,
				AC8FB7F92B9E6AD900B3627A /* DismissButton.swift in Sources */,
				ACFF02632B9E2AA60058B9EE /* HomeView.swift in Sources */,
				ACFF02552B9E04620058B9EE /* MovieModel.xcdatamodeld in Sources */,
				ACFF02452B9E03D50058B9EE /* MDEV1001_ASSIGNMENT_2App.swift in Sources */,
				ACFF025D2B9E0B250058B9EE /* PersistenceController.swift in Sources */,
				ACFF026A2B9E3C940058B9EE /* AddMovieView.swift in Sources */,
			);
			runOnlyForDeploymentPostprocessing = 0;
		};
/* End PBXSourcesBuildPhase section */

/* Begin XCBuildConfiguration section */
		ACFF024D2B9E03D80058B9EE /* Debug */ = {
			isa = XCBuildConfiguration;
			buildSettings = {
				ALWAYS_SEARCH_USER_PATHS = NO;
				ASSETCATALOG_COMPILER_GENERATE_SWIFT_ASSET_SYMBOL_EXTENSIONS = YES;
				CLANG_ANALYZER_NONNULL = YES;
				CLANG_ANALYZER_NUMBER_OBJECT_CONVERSION = YES_AGGRESSIVE;
				CLANG_CXX_LANGUAGE_STANDARD = "gnu++20";
				CLANG_ENABLE_MODULES = YES;
				CLANG_ENABLE_OBJC_ARC = YES;
				CLANG_ENABLE_OBJC_WEAK = YES;
				CLANG_WARN_BLOCK_CAPTURE_AUTORELEASING = YES;
				CLANG_WARN_BOOL_CONVERSION = YES;
				CLANG_WARN_COMMA = YES;
				CLANG_WARN_CONSTANT_CONVERSION = YES;
				CLANG_WARN_DEPRECATED_OBJC_IMPLEMENTATIONS = YES;
				CLANG_WARN_DIRECT_OBJC_ISA_USAGE = YES_ERROR;
				CLANG_WARN_DOCUMENTATION_COMMENTS = YES;
				CLANG_WARN_EMPTY_BODY = YES;
				CLANG_WARN_ENUM_CONVERSION = YES;
				CLANG_WARN_INFINITE_RECURSION = YES;
				CLANG_WARN_INT_CONVERSION = YES;
				CLANG_WARN_NON_LITERAL_NULL_CONVERSION = YES;
				CLANG_WARN_OBJC_IMPLICIT_RETAIN_SELF = YES;
				CLANG_WARN_OBJC_LITERAL_CONVERSION = YES;
				CLANG_WARN_OBJC_ROOT_CLASS = YES_ERROR;
				CLANG_WARN_QUOTED_INCLUDE_IN_FRAMEWORK_HEADER = YES;
				CLANG_WARN_RANGE_LOOP_ANALYSIS = YES;
				CLANG_WARN_STRICT_PROTOTYPES = YES;
				CLANG_WARN_SUSPICIOUS_MOVE = YES;
				CLANG_WARN_UNGUARDED_AVAILABILITY = YES_AGGRESSIVE;
				CLANG_WARN_UNREACHABLE_CODE = YES;
				CLANG_WARN__DUPLICATE_METHOD_MATCH = YES;
				COPY_PHASE_STRIP = NO;
				DEBUG_INFORMATION_FORMAT = dwarf;
				ENABLE_STRICT_OBJC_MSGSEND = YES;
				ENABLE_TESTABILITY = YES;
				ENABLE_USER_SCRIPT_SANDBOXING = YES;
				GCC_C_LANGUAGE_STANDARD = gnu17;
				GCC_DYNAMIC_NO_PIC = NO;
				GCC_NO_COMMON_BLOCKS = YES;
				GCC_OPTIMIZATION_LEVEL = 0;
				GCC_PREPROCESSOR_DEFINITIONS = (
					"DEBUG=1",
					"$(inherited)",
				);
				GCC_WARN_64_TO_32_BIT_CONVERSION = YES;
				GCC_WARN_ABOUT_RETURN_TYPE = YES_ERROR;
				GCC_WARN_UNDECLARED_SELECTOR = YES;
				GCC_WARN_UNINITIALIZED_AUTOS = YES_AGGRESSIVE;
				GCC_WARN_UNUSED_FUNCTION = YES;
				GCC_WARN_UNUSED_VARIABLE = YES;
				IPHONEOS_DEPLOYMENT_TARGET = 17.2;
				LOCALIZATION_PREFERS_STRING_CATALOGS = YES;
				MTL_ENABLE_DEBUG_INFO = INCLUDE_SOURCE;
				MTL_FAST_MATH = YES;
				ONLY_ACTIVE_ARCH = YES;
				SDKROOT = iphoneos;
				SWIFT_ACTIVE_COMPILATION_CONDITIONS = "DEBUG $(inherited)";
				SWIFT_OPTIMIZATION_LEVEL = "-Onone";
			};
			name = Debug;
		};
		ACFF024E2B9E03D80058B9EE /* Release */ = {
			isa = XCBuildConfiguration;
			buildSettings = {
				ALWAYS_SEARCH_USER_PATHS = NO;
				ASSETCATALOG_COMPILER_GENERATE_SWIFT_ASSET_SYMBOL_EXTENSIONS = YES;
				CLANG_ANALYZER_NONNULL = YES;
				CLANG_ANALYZER_NUMBER_OBJECT_CONVERSION = YES_AGGRESSIVE;
				CLANG_CXX_LANGUAGE_STANDARD = "gnu++20";
				CLANG_ENABLE_MODULES = YES;
				CLANG_ENABLE_OBJC_ARC = YES;
				CLANG_ENABLE_OBJC_WEAK = YES;
				CLANG_WARN_BLOCK_CAPTURE_AUTORELEASING = YES;
				CLANG_WARN_BOOL_CONVERSION = YES;
				CLANG_WARN_COMMA = YES;
				CLANG_WARN_CONSTANT_CONVERSION = YES;
				CLANG_WARN_DEPRECATED_OBJC_IMPLEMENTATIONS = YES;
				CLANG_WARN_DIRECT_OBJC_ISA_USAGE = YES_ERROR;
				CLANG_WARN_DOCUMENTATION_COMMENTS = YES;
				CLANG_WARN_EMPTY_BODY = YES;
				CLANG_WARN_ENUM_CONVERSION = YES;
				CLANG_WARN_INFINITE_RECURSION = YES;
				CLANG_WARN_INT_CONVERSION = YES;
				CLANG_WARN_NON_LITERAL_NULL_CONVERSION = YES;
				CLANG_WARN_OBJC_IMPLICIT_RETAIN_SELF = YES;
				CLANG_WARN_OBJC_LITERAL_CONVERSION = YES;
				CLANG_WARN_OBJC_ROOT_CLASS = YES_ERROR;
				CLANG_WARN_QUOTED_INCLUDE_IN_FRAMEWORK_HEADER = YES;
				CLANG_WARN_RANGE_LOOP_ANALYSIS = YES;
				CLANG_WARN_STRICT_PROTOTYPES = YES;
				CLANG_WARN_SUSPICIOUS_MOVE = YES;
				CLANG_WARN_UNGUARDED_AVAILABILITY = YES_AGGRESSIVE;
				CLANG_WARN_UNREACHABLE_CODE = YES;
				CLANG_WARN__DUPLICATE_METHOD_MATCH = YES;
				COPY_PHASE_STRIP = NO;
				DEBUG_INFORMATION_FORMAT = "dwarf-with-dsym";
				ENABLE_NS_ASSERTIONS = NO;
				ENABLE_STRICT_OBJC_MSGSEND = YES;
				ENABLE_USER_SCRIPT_SANDBOXING = YES;
				GCC_C_LANGUAGE_STANDARD = gnu17;
				GCC_NO_COMMON_BLOCKS = YES;
				GCC_WARN_64_TO_32_BIT_CONVERSION = YES;
				GCC_WARN_ABOUT_RETURN_TYPE = YES_ERROR;
				GCC_WARN_UNDECLARED_SELECTOR = YES;
				GCC_WARN_UNINITIALIZED_AUTOS = YES_AGGRESSIVE;
				GCC_WARN_UNUSED_FUNCTION = YES;
				GCC_WARN_UNUSED_VARIABLE = YES;
				IPHONEOS_DEPLOYMENT_TARGET = 17.2;
				LOCALIZATION_PREFERS_STRING_CATALOGS = YES;
				MTL_ENABLE_DEBUG_INFO = NO;
				MTL_FAST_MATH = YES;
				SDKROOT = iphoneos;
				SWIFT_COMPILATION_MODE = wholemodule;
				VALIDATE_PRODUCT = YES;
			};
			name = Release;
		};
		ACFF02502B9E03D80058B9EE /* Debug */ = {
			isa = XCBuildConfiguration;
			buildSettings = {
				ASSETCATALOG_COMPILER_APPICON_NAME = AppIcon;
				ASSETCATALOG_COMPILER_GLOBAL_ACCENT_COLOR_NAME = AccentColor;
				CODE_SIGN_STYLE = Automatic;
				CURRENT_PROJECT_VERSION = 1;
				DEVELOPMENT_ASSET_PATHS = "\"MDEV1001-ASSIGNMENT-2/Preview Content\"";
				DEVELOPMENT_TEAM = XWGWNSXQT2;
				ENABLE_PREVIEWS = YES;
				GENERATE_INFOPLIST_FILE = YES;
				INFOPLIST_KEY_UIApplicationSceneManifest_Generation = YES;
				INFOPLIST_KEY_UIApplicationSupportsIndirectInputEvents = YES;
				INFOPLIST_KEY_UILaunchScreen_Generation = YES;
				INFOPLIST_KEY_UISupportedInterfaceOrientations_iPad = "UIInterfaceOrientationPortrait UIInterfaceOrientationPortraitUpsideDown UIInterfaceOrientationLandscapeLeft UIInterfaceOrientationLandscapeRight";
				INFOPLIST_KEY_UISupportedInterfaceOrientations_iPhone = "UIInterfaceOrientationPortrait UIInterfaceOrientationLandscapeLeft UIInterfaceOrientationLandscapeRight";
				LD_RUNPATH_SEARCH_PATHS = (
					"$(inherited)",
					"@executable_path/Frameworks",
				);
				MARKETING_VERSION = 1.0;
				PRODUCT_BUNDLE_IDENTIFIER = "com.devblaze.MDEV1001-ASSIGNMENT-2";
				PRODUCT_NAME = "$(TARGET_NAME)";
				SWIFT_EMIT_LOC_STRINGS = YES;
				SWIFT_VERSION = 5.0;
				TARGETED_DEVICE_FAMILY = "1,2";
			};
			name = Debug;
		};
		ACFF02512B9E03D80058B9EE /* Release */ = {
			isa = XCBuildConfiguration;
			buildSettings = {
				ASSETCATALOG_COMPILER_APPICON_NAME = AppIcon;
				ASSETCATALOG_COMPILER_GLOBAL_ACCENT_COLOR_NAME = AccentColor;
				CODE_SIGN_STYLE = Automatic;
				CURRENT_PROJECT_VERSION = 1;
				DEVELOPMENT_ASSET_PATHS = "\"MDEV1001-ASSIGNMENT-2/Preview Content\"";
				DEVELOPMENT_TEAM = XWGWNSXQT2;
				ENABLE_PREVIEWS = YES;
				GENERATE_INFOPLIST_FILE = YES;
				INFOPLIST_KEY_UIApplicationSceneManifest_Generation = YES;
				INFOPLIST_KEY_UIApplicationSupportsIndirectInputEvents = YES;
				INFOPLIST_KEY_UILaunchScreen_Generation = YES;
				INFOPLIST_KEY_UISupportedInterfaceOrientations_iPad = "UIInterfaceOrientationPortrait UIInterfaceOrientationPortraitUpsideDown UIInterfaceOrientationLandscapeLeft UIInterfaceOrientationLandscapeRight";
				INFOPLIST_KEY_UISupportedInterfaceOrientations_iPhone = "UIInterfaceOrientationPortrait UIInterfaceOrientationLandscapeLeft UIInterfaceOrientationLandscapeRight";
				LD_RUNPATH_SEARCH_PATHS = (
					"$(inherited)",
					"@executable_path/Frameworks",
				);
				MARKETING_VERSION = 1.0;
				PRODUCT_BUNDLE_IDENTIFIER = "com.devblaze.MDEV1001-ASSIGNMENT-2";
				PRODUCT_NAME = "$(TARGET_NAME)";
				SWIFT_EMIT_LOC_STRINGS = YES;
				SWIFT_VERSION = 5.0;
				TARGETED_DEVICE_FAMILY = "1,2";
			};
			name = Release;
		};
/* End XCBuildConfiguration section */

/* Begin XCConfigurationList section */
		ACFF023C2B9E03D50058B9EE /* Build configuration list for PBXProject "MDEV1001-ASSIGNMENT-2" */ = {
			isa = XCConfigurationList;
			buildConfigurations = (
				ACFF024D2B9E03D80058B9EE /* Debug */,
				ACFF024E2B9E03D80058B9EE /* Release */,
			);
			defaultConfigurationIsVisible = 0;
			defaultConfigurationName = Release;
		};
		ACFF024F2B9E03D80058B9EE /* Build configuration list for PBXNativeTarget "MDEV1001-ASSIGNMENT-2" */ = {
			isa = XCConfigurationList;
			buildConfigurations = (
				ACFF02502B9E03D80058B9EE /* Debug */,
				ACFF02512B9E03D80058B9EE /* Release */,
			);
			defaultConfigurationIsVisible = 0;
			defaultConfigurationName = Release;
		};
/* End XCConfigurationList section */

/* Begin XCVersionGroup section */
		ACFF02532B9E04610058B9EE /* MovieModel.xcdatamodeld */ = {
			isa = XCVersionGroup;
			children = (
				ACFF02542B9E04620058B9EE /* MovieModel.xcdatamodel */,
			);
			currentVersion = ACFF02542B9E04620058B9EE /* MovieModel.xcdatamodel */;
			path = MovieModel.xcdatamodeld;
			sourceTree = "<group>";
			versionGroupType = wrapper.xcdatamodel;
		};
/* End XCVersionGroup section */
	};
	rootObject = ACFF02392B9E03D50058B9EE /* Project object */;
}
